
Microsoft Visual Studio Solution File, Format Version 12.00
# Visual Studio 15
VisualStudioVersion = 15.0.28307.1321
MinimumVisualStudioVersion = 10.0.40219.1
Project("{FAE04EC0-301F-11D3-BF4B-00C04F79EFBC}") = "Tracery", "Tracery\Tracery.csproj", "{2F4A98F7-F790-4CDA-82B1-D49F515F09A8}"
EndProject
Global
	GlobalSection(SolutionConfigurationPlatforms) = preSolution
		Debug|Any CPU = Debug|Any CPU
		Release|Any CPU = Release|Any CPU
	EndGlobalSection
	GlobalSection(ProjectConfigurationPlatforms) = postSolution
		{2F4A98F7-F790-4CDA-82B1-D49F515F09A8}.Debug|Any CPU.ActiveCfg = Debug|Any CPU
		{2F4A98F7-F790-4CDA-82B1-D49F515F09A8}.Debug|Any CPU.Build.0 = Debug|Any CPU
		{2F4A98F7-F790-4CDA-82B1-D49F515F09A8}.Release|Any CPU.ActiveCfg = Release|Any CPU
		{2F4A98F7-F790-4CDA-82B1-D49F515F09A8}.Release|Any CPU.Build.0 = Release|Any CPU
	EndGlobalSection
	GlobalSection(SolutionProperties) = preSolution
		HideSolutionNode = FALSE
	EndGlobalSection
	GlobalSection(ExtensibilityGlobals) = postSolution
		SolutionGuid = {FA9ABF34-7A8D-43AC-BBC7-6058C0F8D5CE}
	EndGlobalSection
EndGlobal
